
Microsoft Visual Studio Solution File, Format Version 11.00
# Visual Studio 2010
Project("{FAE04EC0-301F-11D3-BF4B-00C04F79EFBC}") = "QuickUpdator", "QuickUpdator\QuickUpdator.csproj", "{B49C77F8-4A73-40F1-A933-287B4BF15250}"
EndProject
Project("{FAE04EC0-301F-11D3-BF4B-00C04F79EFBC}") = "BLL", "BLL\BLL.csproj", "{4D833455-E466-4E4F-AD03-352C114711E1}"
EndProject
Project("{FAE04EC0-301F-11D3-BF4B-00C04F79EFBC}") = "DAL", "DAL\DAL.csproj", "{2B12B6DD-2142-492F-A990-78F5EB3F840A}"
EndProject
Project("{FAE04EC0-301F-11D3-BF4B-00C04F79EFBC}") = "PharmInventory", "PharmInventory\PharmInventory.csproj", "{80BE69F5-6B84-4235-B9AC-20ECC8C5B9A9}"
EndProject
Global
	GlobalSection(SolutionConfigurationPlatforms) = preSolution
		CD_ROM|Any CPU = CD_ROM|Any CPU
		CD_ROM|Mixed Platforms = CD_ROM|Mixed Platforms
		CD_ROM|x86 = CD_ROM|x86
		Debug|Any CPU = Debug|Any CPU
		Debug|Mixed Platforms = Debug|Mixed Platforms
		Debug|x86 = Debug|x86
		DVD-5|Any CPU = DVD-5|Any CPU
		DVD-5|Mixed Platforms = DVD-5|Mixed Platforms
		DVD-5|x86 = DVD-5|x86
		Release|Any CPU = Release|Any CPU
		Release|Mixed Platforms = Release|Mixed Platforms
		Release|x86 = Release|x86
		SingleImage|Any CPU = SingleImage|Any CPU
		SingleImage|Mixed Platforms = SingleImage|Mixed Platforms
		SingleImage|x86 = SingleImage|x86
	EndGlobalSection
	GlobalSection(ProjectConfigurationPlatforms) = postSolution
		{B49C77F8-4A73-40F1-A933-287B4BF15250}.CD_ROM|Any CPU.ActiveCfg = Release|x86
		{B49C77F8-4A73-40F1-A933-287B4BF15250}.CD_ROM|Mixed Platforms.ActiveCfg = Release|x86
		{B49C77F8-4A73-40F1-A933-287B4BF15250}.CD_ROM|Mixed Platforms.Build.0 = Release|x86
		{B49C77F8-4A73-40F1-A933-287B4BF15250}.CD_ROM|x86.ActiveCfg = Release|x86
		{B49C77F8-4A73-40F1-A933-287B4BF15250}.CD_ROM|x86.Build.0 = Release|x86
		{B49C77F8-4A73-40F1-A933-287B4BF15250}.Debug|Any CPU.ActiveCfg = Debug|x86
		{B49C77F8-4A73-40F1-A933-287B4BF15250}.Debug|Mixed Platforms.ActiveCfg = Debug|x86
		{B49C77F8-4A73-40F1-A933-287B4BF15250}.Debug|Mixed Platforms.Build.0 = Debug|x86
		{B49C77F8-4A73-40F1-A933-287B4BF15250}.Debug|x86.ActiveCfg = Debug|x86
		{B49C77F8-4A73-40F1-A933-287B4BF15250}.Debug|x86.Build.0 = Debug|x86
		{B49C77F8-4A73-40F1-A933-287B4BF15250}.DVD-5|Any CPU.ActiveCfg = Debug|x86
		{B49C77F8-4A73-40F1-A933-287B4BF15250}.DVD-5|Mixed Platforms.ActiveCfg = Debug|x86
		{B49C77F8-4A73-40F1-A933-287B4BF15250}.DVD-5|Mixed Platforms.Build.0 = Debug|x86
		{B49C77F8-4A73-40F1-A933-287B4BF15250}.DVD-5|x86.ActiveCfg = Debug|x86
		{B49C77F8-4A73-40F1-A933-287B4BF15250}.DVD-5|x86.Build.0 = Debug|x86
		{B49C77F8-4A73-40F1-A933-287B4BF15250}.Release|Any CPU.ActiveCfg = Release|x86
		{B49C77F8-4A73-40F1-A933-287B4BF15250}.Release|Mixed Platforms.ActiveCfg = Release|x86
		{B49C77F8-4A73-40F1-A933-287B4BF15250}.Release|Mixed Platforms.Build.0 = Release|x86
		{B49C77F8-4A73-40F1-A933-287B4BF15250}.Release|x86.ActiveCfg = Release|x86
		{B49C77F8-4A73-40F1-A933-287B4BF15250}.Release|x86.Build.0 = Release|x86
		{B49C77F8-4A73-40F1-A933-287B4BF15250}.SingleImage|Any CPU.ActiveCfg = Release|x86
		{B49C77F8-4A73-40F1-A933-287B4BF15250}.SingleImage|Mixed Platforms.ActiveCfg = Release|x86
		{B49C77F8-4A73-40F1-A933-287B4BF15250}.SingleImage|Mixed Platforms.Build.0 = Release|x86
		{B49C77F8-4A73-40F1-A933-287B4BF15250}.SingleImage|x86.ActiveCfg = Release|x86
		{B49C77F8-4A73-40F1-A933-287B4BF15250}.SingleImage|x86.Build.0 = Release|x86
		{4D833455-E466-4E4F-AD03-352C114711E1}.CD_ROM|Any CPU.ActiveCfg = Release|Any CPU
		{4D833455-E466-4E4F-AD03-352C114711E1}.CD_ROM|Any CPU.Build.0 = Release|Any CPU
		{4D833455-E466-4E4F-AD03-352C114711E1}.CD_ROM|Mixed Platforms.ActiveCfg = Release|Any CPU
		{4D833455-E466-4E4F-AD03-352C114711E1}.CD_ROM|Mixed Platforms.Build.0 = Release|Any CPU
		{4D833455-E466-4E4F-AD03-352C114711E1}.CD_ROM|x86.ActiveCfg = Release|Any CPU
		{4D833455-E466-4E4F-AD03-352C114711E1}.Debug|Any CPU.ActiveCfg = Debug|Any CPU
		{4D833455-E466-4E4F-AD03-352C114711E1}.Debug|Any CPU.Build.0 = Debug|Any CPU
		{4D833455-E466-4E4F-AD03-352C114711E1}.Debug|Mixed Platforms.ActiveCfg = Debug|Any CPU
		{4D833455-E466-4E4F-AD03-352C114711E1}.Debug|Mixed Platforms.Build.0 = Debug|Any CPU
		{4D833455-E466-4E4F-AD03-352C114711E1}.Debug|x86.ActiveCfg = Debug|Any CPU
		{4D833455-E466-4E4F-AD03-352C114711E1}.DVD-5|Any CPU.ActiveCfg = Debug|Any CPU
		{4D833455-E466-4E4F-AD03-352C114711E1}.DVD-5|Any CPU.Build.0 = Debug|Any CPU
		{4D833455-E466-4E4F-AD03-352C114711E1}.DVD-5|Mixed Platforms.ActiveCfg = Debug|Any CPU
		{4D833455-E466-4E4F-AD03-352C114711E1}.DVD-5|Mixed Platforms.Build.0 = Debug|Any CPU
		{4D833455-E466-4E4F-AD03-352C114711E1}.DVD-5|x86.ActiveCfg = Debug|Any CPU
		{4D833455-E466-4E4F-AD03-352C114711E1}.Release|Any CPU.ActiveCfg = Release|Any CPU
		{4D833455-E466-4E4F-AD03-352C114711E1}.Release|Any CPU.Build.0 = Release|Any CPU
		{4D833455-E466-4E4F-AD03-352C114711E1}.Release|Mixed Platforms.ActiveCfg = Release|Any CPU
		{4D833455-E466-4E4F-AD03-352C114711E1}.Release|Mixed Platforms.Build.0 = Release|Any CPU
		{4D833455-E466-4E4F-AD03-352C114711E1}.Release|x86.ActiveCfg = Release|Any CPU
		{4D833455-E466-4E4F-AD03-352C114711E1}.SingleImage|Any CPU.ActiveCfg = Release|Any CPU
		{4D833455-E466-4E4F-AD03-352C114711E1}.SingleImage|Any CPU.Build.0 = Release|Any CPU
		{4D833455-E466-4E4F-AD03-352C114711E1}.SingleImage|Mixed Platforms.ActiveCfg = Release|Any CPU
		{4D833455-E466-4E4F-AD03-352C114711E1}.SingleImage|Mixed Platforms.Build.0 = Release|Any CPU
		{4D833455-E466-4E4F-AD03-352C114711E1}.SingleImage|x86.ActiveCfg = Release|Any CPU
		{2B12B6DD-2142-492F-A990-78F5EB3F840A}.CD_ROM|Any CPU.ActiveCfg = Release|Any CPU
		{2B12B6DD-2142-492F-A990-78F5EB3F840A}.CD_ROM|Any CPU.Build.0 = Release|Any CPU
		{2B12B6DD-2142-492F-A990-78F5EB3F840A}.CD_ROM|Mixed Platforms.ActiveCfg = Release|Any CPU
		{2B12B6DD-2142-492F-A990-78F5EB3F840A}.CD_ROM|Mixed Platforms.Build.0 = Release|Any CPU
		{2B12B6DD-2142-492F-A990-78F5EB3F840A}.CD_ROM|x86.ActiveCfg = Release|Any CPU
		{2B12B6DD-2142-492F-A990-78F5EB3F840A}.Debug|Any CPU.ActiveCfg = Debug|Any CPU
		{2B12B6DD-2142-492F-A990-78F5EB3F840A}.Debug|Any CPU.Build.0 = Debug|Any CPU
		{2B12B6DD-2142-492F-A990-78F5EB3F840A}.Debug|Mixed Platforms.ActiveCfg = Debug|Any CPU
		{2B12B6DD-2142-492F-A990-78F5EB3F840A}.Debug|Mixed Platforms.Build.0 = Debug|Any CPU
		{2B12B6DD-2142-492F-A990-78F5EB3F840A}.Debug|x86.ActiveCfg = Debug|Any CPU
		{2B12B6DD-2142-492F-A990-78F5EB3F840A}.DVD-5|Any CPU.ActiveCfg = Debug|Any CPU
		{2B12B6DD-2142-492F-A990-78F5EB3F840A}.DVD-5|Any CPU.Build.0 = Debug|Any CPU
		{2B12B6DD-2142-492F-A990-78F5EB3F840A}.DVD-5|Mixed Platforms.ActiveCfg = Debug|Any CPU
		{2B12B6DD-2142-492F-A990-78F5EB3F840A}.DVD-5|Mixed Platforms.Build.0 = Debug|Any CPU
		{2B12B6DD-2142-492F-A990-78F5EB3F840A}.DVD-5|x86.ActiveCfg = Debug|Any CPU
		{2B12B6DD-2142-492F-A990-78F5EB3F840A}.Release|Any CPU.ActiveCfg = Release|Any CPU
		{2B12B6DD-2142-492F-A990-78F5EB3F840A}.Release|Any CPU.Build.0 = Release|Any CPU
		{2B12B6DD-2142-492F-A990-78F5EB3F840A}.Release|Mixed Platforms.ActiveCfg = Release|Any CPU
		{2B12B6DD-2142-492F-A990-78F5EB3F840A}.Release|Mixed Platforms.Build.0 = Release|Any CPU
		{2B12B6DD-2142-492F-A990-78F5EB3F840A}.Release|x86.ActiveCfg = Release|Any CPU
		{2B12B6DD-2142-492F-A990-78F5EB3F840A}.SingleImage|Any CPU.ActiveCfg = Release|Any CPU
		{2B12B6DD-2142-492F-A990-78F5EB3F840A}.SingleImage|Any CPU.Build.0 = Release|Any CPU
		{2B12B6DD-2142-492F-A990-78F5EB3F840A}.SingleImage|Mixed Platforms.ActiveCfg = Release|Any CPU
		{2B12B6DD-2142-492F-A990-78F5EB3F840A}.SingleImage|Mixed Platforms.Build.0 = Release|Any CPU
		{2B12B6DD-2142-492F-A990-78F5EB3F840A}.SingleImage|x86.ActiveCfg = Release|Any CPU
		{80BE69F5-6B84-4235-B9AC-20ECC8C5B9A9}.CD_ROM|Any CPU.ActiveCfg = Release|Any CPU
		{80BE69F5-6B84-4235-B9AC-20ECC8C5B9A9}.CD_ROM|Any CPU.Build.0 = Release|Any CPU
		{80BE69F5-6B84-4235-B9AC-20ECC8C5B9A9}.CD_ROM|Mixed Platforms.ActiveCfg = Release|Any CPU
		{80BE69F5-6B84-4235-B9AC-20ECC8C5B9A9}.CD_ROM|Mixed Platforms.Build.0 = Release|Any CPU
		{80BE69F5-6B84-4235-B9AC-20ECC8C5B9A9}.CD_ROM|x86.ActiveCfg = Release|Any CPU
		{80BE69F5-6B84-4235-B9AC-20ECC8C5B9A9}.Debug|Any CPU.ActiveCfg = Debug|Any CPU
		{80BE69F5-6B84-4235-B9AC-20ECC8C5B9A9}.Debug|Any CPU.Build.0 = Debug|Any CPU
		{80BE69F5-6B84-4235-B9AC-20ECC8C5B9A9}.Debug|Mixed Platforms.ActiveCfg = Debug|Any CPU
		{80BE69F5-6B84-4235-B9AC-20ECC8C5B9A9}.Debug|Mixed Platforms.Build.0 = Debug|Any CPU
		{80BE69F5-6B84-4235-B9AC-20ECC8C5B9A9}.Debug|x86.ActiveCfg = Debug|Any CPU
		{80BE69F5-6B84-4235-B9AC-20ECC8C5B9A9}.DVD-5|Any CPU.ActiveCfg = Debug|Any CPU
		{80BE69F5-6B84-4235-B9AC-20ECC8C5B9A9}.DVD-5|Any CPU.Build.0 = Debug|Any CPU
		{80BE69F5-6B84-4235-B9AC-20ECC8C5B9A9}.DVD-5|Mixed Platforms.ActiveCfg = Debug|Any CPU
		{80BE69F5-6B84-4235-B9AC-20ECC8C5B9A9}.DVD-5|Mixed Platforms.Build.0 = Debug|Any CPU
		{80BE69F5-6B84-4235-B9AC-20ECC8C5B9A9}.DVD-5|x86.ActiveCfg = Debug|Any CPU
		{80BE69F5-6B84-4235-B9AC-20ECC8C5B9A9}.Release|Any CPU.ActiveCfg = Release|Any CPU
		{80BE69F5-6B84-4235-B9AC-20ECC8C5B9A9}.Release|Any CPU.Build.0 = Release|Any CPU
		{80BE69F5-6B84-4235-B9AC-20ECC8C5B9A9}.Release|Mixed Platforms.ActiveCfg = Release|Any CPU
		{80BE69F5-6B84-4235-B9AC-20ECC8C5B9A9}.Release|Mixed Platforms.Build.0 = Release|Any CPU
		{80BE69F5-6B84-4235-B9AC-20ECC8C5B9A9}.Release|x86.ActiveCfg = Release|Any CPU
		{80BE69F5-6B84-4235-B9AC-20ECC8C5B9A9}.SingleImage|Any CPU.ActiveCfg = Release|Any CPU
		{80BE69F5-6B84-4235-B9AC-20ECC8C5B9A9}.SingleImage|Any CPU.Build.0 = Release|Any CPU
		{80BE69F5-6B84-4235-B9AC-20ECC8C5B9A9}.SingleImage|Mixed Platforms.ActiveCfg = Release|Any CPU
		{80BE69F5-6B84-4235-B9AC-20ECC8C5B9A9}.SingleImage|Mixed Platforms.Build.0 = Release|Any CPU
		{80BE69F5-6B84-4235-B9AC-20ECC8C5B9A9}.SingleImage|x86.ActiveCfg = Release|Any CPU
	EndGlobalSection
	GlobalSection(SolutionProperties) = preSolution
		HideSolutionNode = FALSE
	EndGlobalSection
EndGlobal
